
Microsoft Visual Studio Solution File, Format Version 12.00
# Visual Studio Version 16
VisualStudioVersion = 16.0.32228.343
MinimumVisualStudioVersion = 10.0.40219.1
Project("{FAE04EC0-301F-11D3-BF4B-00C04F79EFBC}") = "LightAim", "LightAim.csproj", "{EE55FBD5-651F-4F85-A3CD-6A1C8559707C}"
EndProject
Global
	GlobalSection(SolutionConfigurationPlatforms) = preSolution
		Debug|Any CPU = Debug|Any CPU
		Release|Any CPU = Release|Any CPU
	EndGlobalSection
	GlobalSection(ProjectConfigurationPlatforms) = postSolution
		{EE55FBD5-651F-4F85-A3CD-6A1C8559707C}.Debug|Any CPU.ActiveCfg = Debug|Any CPU
		{EE55FBD5-651F-4F85-A3CD-6A1C8559707C}.Debug|Any CPU.Build.0 = Debug|Any CPU
		{EE55FBD5-651F-4F85-A3CD-6A1C8559707C}.Release|Any CPU.ActiveCfg = Release|Any CPU
		{EE55FBD5-651F-4F85-A3CD-6A1C8559707C}.Release|Any CPU.Build.0 = Release|Any CPU
	EndGlobalSection
	GlobalSection(SolutionProperties) = preSolution
		HideSolutionNode = FALSE
	EndGlobalSection
	GlobalSection(ExtensibilityGlobals) = postSolution
		SolutionGuid = {07B7BE66-7811-4A27-84BB-617B203D0E18}
	EndGlobalSection
EndGlobal
